
Microsoft Visual Studio Solution File, Format Version 12.00
# Visual Studio Version 16
VisualStudioVersion = 16.0.31205.134
MinimumVisualStudioVersion = 10.0.40219.1
Project("{FAE04EC0-301F-11D3-BF4B-00C04F79EFBC}") = "BinarySearchTree", "BinarySearchTree\BinarySearchTree.csproj", "{E80FBA5A-EDF3-4B8C-9E3D-D058AE52B7D3}"
EndProject
Global
	GlobalSection(SolutionConfigurationPlatforms) = preSolution
		Debug|Any CPU = Debug|Any CPU
		Release|Any CPU = Release|Any CPU
	EndGlobalSection
	GlobalSection(ProjectConfigurationPlatforms) = postSolution
		{E80FBA5A-EDF3-4B8C-9E3D-D058AE52B7D3}.Debug|Any CPU.ActiveCfg = Debug|Any CPU
		{E80FBA5A-EDF3-4B8C-9E3D-D058AE52B7D3}.Debug|Any CPU.Build.0 = Debug|Any CPU
		{E80FBA5A-EDF3-4B8C-9E3D-D058AE52B7D3}.Release|Any CPU.ActiveCfg = Release|Any CPU
		{E80FBA5A-EDF3-4B8C-9E3D-D058AE52B7D3}.Release|Any CPU.Build.0 = Release|Any CPU
	EndGlobalSection
	GlobalSection(SolutionProperties) = preSolution
		HideSolutionNode = FALSE
	EndGlobalSection
	GlobalSection(ExtensibilityGlobals) = postSolution
		SolutionGuid = {4F005E5E-3C52-4829-8661-BC38A565B902}
	EndGlobalSection
EndGlobal
